
Microsoft Visual Studio Solution File, Format Version 12.00
# Visual Studio Version 17
VisualStudioVersion = 17.5.002.0
MinimumVisualStudioVersion = 10.0.40219.1
Project("{9A19103F-16F7-4668-BE54-9A1E7A4F7556}") = "Cli", "src\Cli.csproj", "{1EF3C908-78F3-4CCA-99F7-A8D1C5D1EE1D}"
EndProject
Global
	GlobalSection(SolutionConfigurationPlatforms) = preSolution
		Debug|Any CPU = Debug|Any CPU
		Release|Any CPU = Release|Any CPU
	EndGlobalSection
	GlobalSection(ProjectConfigurationPlatforms) = postSolution
		{1EF3C908-78F3-4CCA-99F7-A8D1C5D1EE1D}.Debug|Any CPU.ActiveCfg = Debug|Any CPU
		{1EF3C908-78F3-4CCA-99F7-A8D1C5D1EE1D}.Debug|Any CPU.Build.0 = Debug|Any CPU
		{1EF3C908-78F3-4CCA-99F7-A8D1C5D1EE1D}.Release|Any CPU.ActiveCfg = Release|Any CPU
		{1EF3C908-78F3-4CCA-99F7-A8D1C5D1EE1D}.Release|Any CPU.Build.0 = Release|Any CPU
	EndGlobalSection
	GlobalSection(SolutionProperties) = preSolution
		HideSolutionNode = FALSE
	EndGlobalSection
	GlobalSection(ExtensibilityGlobals) = postSolution
		SolutionGuid = {DF503613-06B9-4A0F-88B0-022A644AD418}
	EndGlobalSection
EndGlobal
